
Microsoft Visual Studio Solution File, Format Version 12.00
# Visual Studio Version 17
VisualStudioVersion = 17.0.32014.148
MinimumVisualStudioVersion = 10.0.40219.1
Project("{2150E333-8FDC-42A3-9474-1A3956D46DE8}") = "Solution Items", "Solution Items", "{709975EA-7567-47F9-AB94-9B3B5BC67566}"
	ProjectSection(SolutionItems) = preProject
		.editorconfig = .editorconfig
		.gitignore = .gitignore
		build.cmd = build.cmd
		build.ps1 = build.ps1
		build.sh = build.sh
		.github\workflows\ci.yml = .github\workflows\ci.yml
		License.md = License.md
		make-cert.ps1 = make-cert.ps1
		master-config.json = master-config.json
		power-clean.bat = power-clean.bat
		power-clean.ps1 = power-clean.ps1
		README.md = README.md
		secrets.json = secrets.json
	EndProjectSection
EndProject
Project("{2150E333-8FDC-42A3-9474-1A3956D46DE8}") = "src", "src", "{07680DA4-0D20-429D-97C5-CE782B7A910B}"
EndProject
Project("{9A19103F-16F7-4668-BE54-9A1E7A4F7556}") = "_build", ".build\_build.csproj", "{A455DC77-B078-4033-BBCD-5BACFD436F04}"
EndProject
Project("{9A19103F-16F7-4668-BE54-9A1E7A4F7556}") = "Applinate.Microservice.Contracts", "src\Abstractions\Applinate.Microservice.Contracts.csproj", "{AD8C57E2-77F4-436B-9503-C480586B496C}"
EndProject
Project("{9A19103F-16F7-4668-BE54-9A1E7A4F7556}") = "Applinate.Microservice.Contracts.Tests", "src\Tests\Applinate.Microservice.Contracts.Tests.csproj", "{6FA71CE9-517A-4B16-A978-1D980A2F342F}"
EndProject
Global
	GlobalSection(SolutionConfigurationPlatforms) = preSolution
		Debug|Any CPU = Debug|Any CPU
		Release|Any CPU = Release|Any CPU
	EndGlobalSection
	GlobalSection(ProjectConfigurationPlatforms) = postSolution
		{A455DC77-B078-4033-BBCD-5BACFD436F04}.Debug|Any CPU.ActiveCfg = Debug|Any CPU
		{A455DC77-B078-4033-BBCD-5BACFD436F04}.Release|Any CPU.ActiveCfg = Release|Any CPU
		{AD8C57E2-77F4-436B-9503-C480586B496C}.Debug|Any CPU.ActiveCfg = Debug|Any CPU
		{AD8C57E2-77F4-436B-9503-C480586B496C}.Debug|Any CPU.Build.0 = Debug|Any CPU
		{AD8C57E2-77F4-436B-9503-C480586B496C}.Release|Any CPU.ActiveCfg = Release|Any CPU
		{AD8C57E2-77F4-436B-9503-C480586B496C}.Release|Any CPU.Build.0 = Release|Any CPU
		{6FA71CE9-517A-4B16-A978-1D980A2F342F}.Debug|Any CPU.ActiveCfg = Debug|Any CPU
		{6FA71CE9-517A-4B16-A978-1D980A2F342F}.Debug|Any CPU.Build.0 = Debug|Any CPU
		{6FA71CE9-517A-4B16-A978-1D980A2F342F}.Release|Any CPU.ActiveCfg = Release|Any CPU
		{6FA71CE9-517A-4B16-A978-1D980A2F342F}.Release|Any CPU.Build.0 = Release|Any CPU
	EndGlobalSection
	GlobalSection(SolutionProperties) = preSolution
		HideSolutionNode = FALSE
	EndGlobalSection
	GlobalSection(NestedProjects) = preSolution
		{AD8C57E2-77F4-436B-9503-C480586B496C} = {07680DA4-0D20-429D-97C5-CE782B7A910B}
		{6FA71CE9-517A-4B16-A978-1D980A2F342F} = {07680DA4-0D20-429D-97C5-CE782B7A910B}
	EndGlobalSection
	GlobalSection(ExtensibilityGlobals) = postSolution
		SolutionGuid = {74E8EC11-F06C-4224-92D8-A41B16D3853A}
	EndGlobalSection
EndGlobal
